// !$*UTF8*$!
{
	archiveVersion = 1;
	classes = {
	};
	objectVersion = 50;
	objects = {

/* Begin PBXBuildFile section */
		D1EECCDD2538F4E0001F1210 /* AppDelegate.swift in Sources */ = {isa = PBXBuildFile; fileRef = D1EECCDC2538F4E0001F1210 /* AppDelegate.swift */; };
		D1EECCDF2538F4E0001F1210 /* SceneDelegate.swift in Sources */ = {isa = PBXBuildFile; fileRef = D1EECCDE2538F4E0001F1210 /* SceneDelegate.swift */; };
		D1EECCE12538F4E0001F1210 /* ViewController.swift in Sources */ = {isa = PBXBuildFile; fileRef = D1EECCE02538F4E0001F1210 /* ViewController.swift */; };
		D1EECCE42538F4E0001F1210 /* Main.storyboard in Resources */ = {isa = PBXBuildFile; fileRef = D1EECCE22538F4E0001F1210 /* Main.storyboard */; };
		D1EECCE72538F4E0001F1210 /* ChatApp.xcdatamodeld in Sources */ = {isa = PBXBuildFile; fileRef = D1EECCE52538F4E0001F1210 /* ChatApp.xcdatamodeld */; };
		D1EECCE92538F4E3001F1210 /* Assets.xcassets in Resources */ = {isa = PBXBuildFile; fileRef = D1EECCE82538F4E3001F1210 /* Assets.xcassets */; };
		D1EECCEC2538F4E3001F1210 /* LaunchScreen.storyboard in Resources */ = {isa = PBXBuildFile; fileRef = D1EECCEA2538F4E3001F1210 /* LaunchScreen.storyboard */; };
		D1EECCF42538F5BC001F1210 /* RoomCell.xib in Resources */ = {isa = PBXBuildFile; fileRef = D1EECCF32538F5BB001F1210 /* RoomCell.xib */; };
		D1EECCF62538F5C3001F1210 /* RoomCell.swift in Sources */ = {isa = PBXBuildFile; fileRef = D1EECCF52538F5C2001F1210 /* RoomCell.swift */; };
/* End PBXBuildFile section */

/* Begin PBXFileReference section */
		D1EECCD92538F4E0001F1210 /* ChatApp.app */ = {isa = PBXFileReference; explicitFileType = wrapper.application; includeInIndex = 0; path = ChatApp.app; sourceTree = BUILT_PRODUCTS_DIR; };
		D1EECCDC2538F4E0001F1210 /* AppDelegate.swift */ = {isa = PBXFileReference; lastKnownFileType = sourcecode.swift; path = AppDelegate.swift; sourceTree = "<group>"; };
		D1EECCDE2538F4E0001F1210 /* SceneDelegate.swift */ = {isa = PBXFileReference; lastKnownFileType = sourcecode.swift; path = SceneDelegate.swift; sourceTree = "<group>"; };
		D1EECCE02538F4E0001F1210 /* ViewController.swift */ = {isa = PBXFileReference; lastKnownFileType = sourcecode.swift; path = ViewController.swift; sourceTree = "<group>"; };
		D1EECCE32538F4E0001F1210 /* Base */ = {isa = PBXFileReference; lastKnownFileType = file.storyboard; name = Base; path = Base.lproj/Main.storyboard; sourceTree = "<group>"; };
		D1EECCE62538F4E0001F1210 /* ChatApp.xcdatamodel */ = {isa = PBXFileReference; lastKnownFileType = wrapper.xcdatamodel; path = ChatApp.xcdatamodel; sourceTree = "<group>"; };
		D1EECCE82538F4E3001F1210 /* Assets.xcassets */ = {isa = PBXFileReference; lastKnownFileType = folder.assetcatalog; path = Assets.xcassets; sourceTree = "<group>"; };
		D1EECCEB2538F4E3001F1210 /* Base */ = {isa = PBXFileReference; lastKnownFileType = file.storyboard; name = Base; path = Base.lproj/LaunchScreen.storyboard; sourceTree = "<group>"; };
		D1EECCED2538F4E3001F1210 /* Info.plist */ = {isa = PBXFileReference; lastKnownFileType = text.plist.xml; path = Info.plist; sourceTree = "<group>"; };
		D1EECCF32538F5BB001F1210 /* RoomCell.xib */ = {isa = PBXFileReference; fileEncoding = 4; lastKnownFileType = file.xib; path = RoomCell.xib; sourceTree = "<group>"; };
		D1EECCF52538F5C2001F1210 /* RoomCell.swift */ = {isa = PBXFileReference; fileEncoding = 4; lastKnownFileType = sourcecode.swift; path = RoomCell.swift; sourceTree = "<group>"; };
/* End PBXFileReference section */

/* Begin PBXFrameworksBuildPhase section */
		D1EECCD62538F4E0001F1210 /* Frameworks */ = {
			isa = PBXFrameworksBuildPhase;
			buildActionMask = 2147483647;
			files = (
			);
			runOnlyForDeploymentPostprocessing = 0;
		};
/* End PBXFrameworksBuildPhase section */

/* Begin PBXGroup section */
		D1EECCD02538F4E0001F1210 = {
			isa = PBXGroup;
			children = (
				D1EECCDB2538F4E0001F1210 /* ChatApp */,
				D1EECCDA2538F4E0001F1210 /* Products */,
			);
			sourceTree = "<group>";
		};
		D1EECCDA2538F4E0001F1210 /* Products */ = {
			isa = PBXGroup;
			children = (
				D1EECCD92538F4E0001F1210 /* ChatApp.app */,
			);
			name = Products;
			sourceTree = "<group>";
		};
		D1EECCDB2538F4E0001F1210 /* ChatApp */ = {
			isa = PBXGroup;
			children = (
				D1EECCDC2538F4E0001F1210 /* AppDelegate.swift */,
				D1EECCDE2538F4E0001F1210 /* SceneDelegate.swift */,
				D1EECCE02538F4E0001F1210 /* ViewController.swift */,
				D1EECCF52538F5C2001F1210 /* RoomCell.swift */,
				D1EECCE22538F4E0001F1210 /* Main.storyboard */,
				D1EECCF32538F5BB001F1210 /* RoomCell.xib */,
				D1EECCE82538F4E3001F1210 /* Assets.xcassets */,
				D1EECCEA2538F4E3001F1210 /* LaunchScreen.storyboard */,
				D1EECCED2538F4E3001F1210 /* Info.plist */,
				D1EECCE52538F4E0001F1210 /* ChatApp.xcdatamodeld */,
			);
			path = ChatApp;
			sourceTree = "<group>";
		};
/* End PBXGroup section */

/* Begin PBXNativeTarget section */
		D1EECCD82538F4E0001F1210 /* ChatApp */ = {
			isa = PBXNativeTarget;
			buildConfigurationList = D1EECCF02538F4E3001F1210 /* Build configuration list for PBXNativeTarget "ChatApp" */;
			buildPhases = (
				D1EECCD52538F4E0001F1210 /* Sources */,
				D1EECCD62538F4E0001F1210 /* Frameworks */,
				D1EECCD72538F4E0001F1210 /* Resources */,
			);
			buildRules = (
			);
			dependencies = (
			);
			name = ChatApp;
			productName = ChatApp;
			productReference = D1EECCD92538F4E0001F1210 /* ChatApp.app */;
			productType = "com.apple.product-type.application";
		};
/* End PBXNativeTarget section */

/* Begin PBXProject section */
		D1EECCD12538F4E0001F1210 /* Project object */ = {
			isa = PBXProject;
			attributes = {
				LastSwiftUpdateCheck = 1160;
				LastUpgradeCheck = 1160;
				ORGANIZATIONNAME = LSH;
				TargetAttributes = {
					D1EECCD82538F4E0001F1210 = {
						CreatedOnToolsVersion = 11.6;
					};
				};
			};
			buildConfigurationList = D1EECCD42538F4E0001F1210 /* Build configuration list for PBXProject "ChatApp" */;
			compatibilityVersion = "Xcode 9.3";
			developmentRegion = en;
			hasScannedForEncodings = 0;
			knownRegions = (
				en,
				Base,
			);
			mainGroup = D1EECCD02538F4E0001F1210;
			productRefGroup = D1EECCDA2538F4E0001F1210 /* Products */;
			projectDirPath = "";
			projectRoot = "";
			targets = (
				D1EECCD82538F4E0001F1210 /* ChatApp */,
			);
		};
/* End PBXProject section */

/* Begin PBXResourcesBuildPhase section */
		D1EECCD72538F4E0001F1210 /* Resources */ = {
			isa = PBXResourcesBuildPhase;
			buildActionMask = 2147483647;
			files = (
				D1EECCEC2538F4E3001F1210 /* LaunchScreen.storyboard in Resources */,
				D1EECCE92538F4E3001F1210 /* Assets.xcassets in Resources */,
				D1EECCF42538F5BC001F1210 /* RoomCell.xib in Resources */,
				D1EECCE42538F4E0001F1210 /* Main.storyboard in Resources */,
			);
			runOnlyForDeploymentPostprocessing = 0;
		};
/* End PBXResourcesBuildPhase section */

/* Begin PBXSourcesBuildPhase section */
		D1EECCD52538F4E0001F1210 /* Sources */ = {
			isa = PBXSourcesBuildPhase;
			buildActionMask = 2147483647;
			files = (
				D1EECCE12538F4E0001F1210 /* ViewController.swift in Sources */,
				D1EECCE72538F4E0001F1210 /* ChatApp.xcdatamodeld in Sources */,
				D1EECCDD2538F4E0001F1210 /* AppDelegate.swift in Sources */,
				D1EECCF62538F5C3001F1210 /* RoomCell.swift in Sources */,
				D1EECCDF2538F4E0001F1210 /* SceneDelegate.swift in Sources */,
			);
			runOnlyForDeploymentPostprocessing = 0;
		};
/* End PBXSourcesBuildPhase section */

/* Begin PBXVariantGroup section */
		D1EECCE22538F4E0001F1210 /* Main.storyboard */ = {
			isa = PBXVariantGroup;
			children = (
				D1EECCE32538F4E0001F1210 /* Base */,
			);
			name = Main.storyboard;
			sourceTree = "<group>";
		};
		D1EECCEA2538F4E3001F1210 /* LaunchScreen.storyboard */ = {
			isa = PBXVariantGroup;
			children = (
				D1EECCEB2538F4E3001F1210 /* Base */,
			);
			name = LaunchScreen.storyboard;
			sourceTree = "<group>";
		};
/* End PBXVariantGroup section */

/* Begin XCBuildConfiguration section */
		D1EECCEE2538F4E3001F1210 /* Debug */ = {
			isa = XCBuildConfiguration;
			buildSettings = {
				ALWAYS_SEARCH_USER_PATHS = NO;
				CLANG_ANALYZER_NONNULL = YES;
				CLANG_ANALYZER_NUMBER_OBJECT_CONVERSION = YES_AGGRESSIVE;
				CLANG_CXX_LANGUAGE_STANDARD = "gnu++14";
				CLANG_CXX_LIBRARY = "libc++";
				CLANG_ENABLE_MODULES = YES;
				CLANG_ENABLE_OBJC_ARC = YES;
				CLANG_ENABLE_OBJC_WEAK = YES;
				CLANG_WARN_BLOCK_CAPTURE_AUTORELEASING = YES;
				CLANG_WARN_BOOL_CONVERSION = YES;
				CLANG_WARN_COMMA = YES;
				CLANG_WARN_CONSTANT_CONVERSION = YES;
				CLANG_WARN_DEPRECATED_OBJC_IMPLEMENTATIONS = YES;
				CLANG_WARN_DIRECT_OBJC_ISA_USAGE = YES_ERROR;
				CLANG_WARN_DOCUMENTATION_COMMENTS = YES;
				CLANG_WARN_EMPTY_BODY = YES;
				CLANG_WARN_ENUM_CONVERSION = YES;
				CLANG_WARN_INFINITE_RECURSION = YES;
				CLANG_WARN_INT_CONVERSION = YES;
				CLANG_WARN_NON_LITERAL_NULL_CONVERSION = YES;
				CLANG_WARN_OBJC_IMPLICIT_RETAIN_SELF = YES;
				CLANG_WARN_OBJC_LITERAL_CONVERSION = YES;
				CLANG_WARN_OBJC_ROOT_CLASS = YES_ERROR;
				CLANG_WARN_RANGE_LOOP_ANALYSIS = YES;
				CLANG_WARN_STRICT_PROTOTYPES = YES;
				CLANG_WARN_SUSPICIOUS_MOVE = YES;
				CLANG_WARN_UNGUARDED_AVAILABILITY = YES_AGGRESSIVE;
				CLANG_WARN_UNREACHABLE_CODE = YES;
				CLANG_WARN__DUPLICATE_METHOD_MATCH = YES;
				COPY_PHASE_STRIP = NO;
				DEBUG_INFORMATION_FORMAT = dwarf;
				ENABLE_STRICT_OBJC_MSGSEND = YES;
				ENABLE_TESTABILITY = YES;
				GCC_C_LANGUAGE_STANDARD = gnu11;
				GCC_DYNAMIC_NO_PIC = NO;
				GCC_NO_COMMON_BLOCKS = YES;
				GCC_OPTIMIZATION_LEVEL = 0;
				GCC_PREPROCESSOR_DEFINITIONS = (
					"DEBUG=1",
					"$(inherited)",
				);
				GCC_WARN_64_TO_32_BIT_CONVERSION = YES;
				GCC_WARN_ABOUT_RETURN_TYPE = YES_ERROR;
				GCC_WARN_UNDECLARED_SELECTOR = YES;
				GCC_WARN_UNINITIALIZED_AUTOS = YES_AGGRESSIVE;
				GCC_WARN_UNUSED_FUNCTION = YES;
				GCC_WARN_UNUSED_VARIABLE = YES;
				IPHONEOS_DEPLOYMENT_TARGET = 13.6;
				MTL_ENABLE_DEBUG_INFO = INCLUDE_SOURCE;
				MTL_FAST_MATH = YES;
				ONLY_ACTIVE_ARCH = YES;
				SDKROOT = iphoneos;
				SWIFT_ACTIVE_COMPILATION_CONDITIONS = DEBUG;
				SWIFT_OPTIMIZATION_LEVEL = "-Onone";
			};
			name = Debug;
		};
		D1EECCEF2538F4E3001F1210 /* Release */ = {
			isa = XCBuildConfiguration;
			buildSettings = {
				ALWAYS_SEARCH_USER_PATHS = NO;
				CLANG_ANALYZER_NONNULL = YES;
				CLANG_ANALYZER_NUMBER_OBJECT_CONVERSION = YES_AGGRESSIVE;
				CLANG_CXX_LANGUAGE_STANDARD = "gnu++14";
				CLANG_CXX_LIBRARY = "libc++";
				CLANG_ENABLE_MODULES = YES;
				CLANG_ENABLE_OBJC_ARC = YES;
				CLANG_ENABLE_OBJC_WEAK = YES;
				CLANG_WARN_BLOCK_CAPTURE_AUTORELEASING = YES;
				CLANG_WARN_BOOL_CONVERSION = YES;
				CLANG_WARN_COMMA = YES;
				CLANG_WARN_CONSTANT_CONVERSION = YES;
				CLANG_WARN_DEPRECATED_OBJC_IMPLEMENTATIONS = YES;
				CLANG_WARN_DIRECT_OBJC_ISA_USAGE = YES_ERROR;
				CLANG_WARN_DOCUMENTATION_COMMENTS = YES;
				CLANG_WARN_EMPTY_BODY = YES;
				CLANG_WARN_ENUM_CONVERSION = YES;
				CLANG_WARN_INFINITE_RECURSION = YES;
				CLANG_WARN_INT_CONVERSION = YES;
				CLANG_WARN_NON_LITERAL_NULL_CONVERSION = YES;
				CLANG_WARN_OBJC_IMPLICIT_RETAIN_SELF = YES;
				CLANG_WARN_OBJC_LITERAL_CONVERSION = YES;
				CLANG_WARN_OBJC_ROOT_CLASS = YES_ERROR;
				CLANG_WARN_RANGE_LOOP_ANALYSIS = YES;
				CLANG_WARN_STRICT_PROTOTYPES = YES;
				CLANG_WARN_SUSPICIOUS_MOVE = YES;
				CLANG_WARN_UNGUARDED_AVAILABILITY = YES_AGGRESSIVE;
				CLANG_WARN_UNREACHABLE_CODE = YES;
				CLANG_WARN__DUPLICATE_METHOD_MATCH = YES;
				COPY_PHASE_STRIP = NO;
				DEBUG_INFORMATION_FORMAT = "dwarf-with-dsym";
				ENABLE_NS_ASSERTIONS = NO;
				ENABLE_STRICT_OBJC_MSGSEND = YES;
				GCC_C_LANGUAGE_STANDARD = gnu11;
				GCC_NO_COMMON_BLOCKS = YES;
				GCC_WARN_64_TO_32_BIT_CONVERSION = YES;
				GCC_WARN_ABOUT_RETURN_TYPE = YES_ERROR;
				GCC_WARN_UNDECLARED_SELECTOR = YES;
				GCC_WARN_UNINITIALIZED_AUTOS = YES_AGGRESSIVE;
				GCC_WARN_UNUSED_FUNCTION = YES;
				GCC_WARN_UNUSED_VARIABLE = YES;
				IPHONEOS_DEPLOYMENT_TARGET = 13.6;
				MTL_ENABLE_DEBUG_INFO = NO;
				MTL_FAST_MATH = YES;
				SDKROOT = iphoneos;
				SWIFT_COMPILATION_MODE = wholemodule;
				SWIFT_OPTIMIZATION_LEVEL = "-O";
				VALIDATE_PRODUCT = YES;
			};
			name = Release;
		};
		D1EECCF12538F4E3001F1210 /* Debug */ = {
			isa = XCBuildConfiguration;
			buildSettings = {
				ASSETCATALOG_COMPILER_APPICON_NAME = AppIcon;
				CODE_SIGN_STYLE = Automatic;
				DEVELOPMENT_TEAM = 6D8SYQ63KK;
				INFOPLIST_FILE = ChatApp/Info.plist;
				LD_RUNPATH_SEARCH_PATHS = (
					"$(inherited)",
					"@executable_path/Frameworks",
				);
				PRODUCT_BUNDLE_IDENTIFIER = com.tistory.lsh424.ChatApp;
				PRODUCT_NAME = "$(TARGET_NAME)";
				SWIFT_VERSION = 5.0;
				TARGETED_DEVICE_FAMILY = "1,2";
			};
			name = Debug;
		};
		D1EECCF22538F4E3001F1210 /* Release */ = {
			isa = XCBuildConfiguration;
			buildSettings = {
				ASSETCATALOG_COMPILER_APPICON_NAME = AppIcon;
				CODE_SIGN_STYLE = Automatic;
				DEVELOPMENT_TEAM = 6D8SYQ63KK;
				INFOPLIST_FILE = ChatApp/Info.plist;
				LD_RUNPATH_SEARCH_PATHS = (
					"$(inherited)",
					"@executable_path/Frameworks",
				);
				PRODUCT_BUNDLE_IDENTIFIER = com.tistory.lsh424.ChatApp;
				PRODUCT_NAME = "$(TARGET_NAME)";
				SWIFT_VERSION = 5.0;
				TARGETED_DEVICE_FAMILY = "1,2";
			};
			name = Release;
		};
/* End XCBuildConfiguration section */

/* Begin XCConfigurationList section */
		D1EECCD42538F4E0001F1210 /* Build configuration list for PBXProject "ChatApp" */ = {
			isa = XCConfigurationList;
			buildConfigurations = (
				D1EECCEE2538F4E3001F1210 /* Debug */,
				D1EECCEF2538F4E3001F1210 /* Release */,
			);
			defaultConfigurationIsVisible = 0;
			defaultConfigurationName = Release;
		};
		D1EECCF02538F4E3001F1210 /* Build configuration list for PBXNativeTarget "ChatApp" */ = {
			isa = XCConfigurationList;
			buildConfigurations = (
				D1EECCF12538F4E3001F1210 /* Debug */,
				D1EECCF22538F4E3001F1210 /* Release */,
			);
			defaultConfigurationIsVisible = 0;
			defaultConfigurationName = Release;
		};
/* End XCConfigurationList section */

/* Begin XCVersionGroup section */
		D1EECCE52538F4E0001F1210 /* ChatApp.xcdatamodeld */ = {
			isa = XCVersionGroup;
			children = (
				D1EECCE62538F4E0001F1210 /* ChatApp.xcdatamodel */,
			);
			currentVersion = D1EECCE62538F4E0001F1210 /* ChatApp.xcdatamodel */;
			path = ChatApp.xcdatamodeld;
			sourceTree = "<group>";
			versionGroupType = wrapper.xcdatamodel;
		};
/* End XCVersionGroup section */
	};
	rootObject = D1EECCD12538F4E0001F1210 /* Project object */;
}
